// !$*UTF8*$!
{
	archiveVersion = 1;
	classes = {
	};
	objectVersion = 56;
	objects = {

/* Begin PBXBuildFile section */
		03111CD12A0EC53700DC3E8A /* AppDelegate.swift in Sources */ = {isa = PBXBuildFile; fileRef = 03111CD02A0EC53700DC3E8A /* AppDelegate.swift */; };
		03111CD32A0EC53700DC3E8A /* SceneDelegate.swift in Sources */ = {isa = PBXBuildFile; fileRef = 03111CD22A0EC53700DC3E8A /* SceneDelegate.swift */; };
		03111CD52A0EC53700DC3E8A /* ViewController.swift in Sources */ = {isa = PBXBuildFile; fileRef = 03111CD42A0EC53700DC3E8A /* ViewController.swift */; };
		03111CD82A0EC53700DC3E8A /* Main.storyboard in Resources */ = {isa = PBXBuildFile; fileRef = 03111CD62A0EC53700DC3E8A /* Main.storyboard */; };
		03111CDA2A0EC53700DC3E8A /* Assets.xcassets in Resources */ = {isa = PBXBuildFile; fileRef = 03111CD92A0EC53700DC3E8A /* Assets.xcassets */; };
		03111CDD2A0EC53700DC3E8A /* LaunchScreen.storyboard in Resources */ = {isa = PBXBuildFile; fileRef = 03111CDB2A0EC53700DC3E8A /* LaunchScreen.storyboard */; };
		03111CE82A0EC53700DC3E8A /* QuizTests.swift in Sources */ = {isa = PBXBuildFile; fileRef = 03111CE72A0EC53700DC3E8A /* QuizTests.swift */; };
		03111CF22A0EC53700DC3E8A /* QuizUITests.swift in Sources */ = {isa = PBXBuildFile; fileRef = 03111CF12A0EC53700DC3E8A /* QuizUITests.swift */; };
		03111CF42A0EC53700DC3E8A /* QuizUITestsLaunchTests.swift in Sources */ = {isa = PBXBuildFile; fileRef = 03111CF32A0EC53700DC3E8A /* QuizUITestsLaunchTests.swift */; };
/* End PBXBuildFile section */

/* Begin PBXContainerItemProxy section */
		03111CE42A0EC53700DC3E8A /* PBXContainerItemProxy */ = {
			isa = PBXContainerItemProxy;
			containerPortal = 03111CC52A0EC53600DC3E8A /* Project object */;
			proxyType = 1;
			remoteGlobalIDString = 03111CCC2A0EC53700DC3E8A;
			remoteInfo = Quiz;
		};
		03111CEE2A0EC53700DC3E8A /* PBXContainerItemProxy */ = {
			isa = PBXContainerItemProxy;
			containerPortal = 03111CC52A0EC53600DC3E8A /* Project object */;
			proxyType = 1;
			remoteGlobalIDString = 03111CCC2A0EC53700DC3E8A;
			remoteInfo = Quiz;
		};
/* End PBXContainerItemProxy section */

/* Begin PBXFileReference section */
		03111CCD2A0EC53700DC3E8A /* Quiz.app */ = {isa = PBXFileReference; explicitFileType = wrapper.application; includeInIndex = 0; path = Quiz.app; sourceTree = BUILT_PRODUCTS_DIR; };
		03111CD02A0EC53700DC3E8A /* AppDelegate.swift */ = {isa = PBXFileReference; lastKnownFileType = sourcecode.swift; path = AppDelegate.swift; sourceTree = "<group>"; };
		03111CD22A0EC53700DC3E8A /* SceneDelegate.swift */ = {isa = PBXFileReference; lastKnownFileType = sourcecode.swift; path = SceneDelegate.swift; sourceTree = "<group>"; };
		03111CD42A0EC53700DC3E8A /* ViewController.swift */ = {isa = PBXFileReference; lastKnownFileType = sourcecode.swift; path = ViewController.swift; sourceTree = "<group>"; };
		03111CD72A0EC53700DC3E8A /* Base */ = {isa = PBXFileReference; lastKnownFileType = file.storyboard; name = Base; path = Base.lproj/Main.storyboard; sourceTree = "<group>"; };
		03111CD92A0EC53700DC3E8A /* Assets.xcassets */ = {isa = PBXFileReference; lastKnownFileType = folder.assetcatalog; path = Assets.xcassets; sourceTree = "<group>"; };
		03111CDC2A0EC53700DC3E8A /* Base */ = {isa = PBXFileReference; lastKnownFileType = file.storyboard; name = Base; path = Base.lproj/LaunchScreen.storyboard; sourceTree = "<group>"; };
		03111CDE2A0EC53700DC3E8A /* Info.plist */ = {isa = PBXFileReference; lastKnownFileType = text.plist.xml; path = Info.plist; sourceTree = "<group>"; };
		03111CE32A0EC53700DC3E8A /* QuizTests.xctest */ = {isa = PBXFileReference; explicitFileType = wrapper.cfbundle; includeInIndex = 0; path = QuizTests.xctest; sourceTree = BUILT_PRODUCTS_DIR; };
		03111CE72A0EC53700DC3E8A /* QuizTests.swift */ = {isa = PBXFileReference; lastKnownFileType = sourcecode.swift; path = QuizTests.swift; sourceTree = "<group>"; };
		03111CED2A0EC53700DC3E8A /* QuizUITests.xctest */ = {isa = PBXFileReference; explicitFileType = wrapper.cfbundle; includeInIndex = 0; path = QuizUITests.xctest; sourceTree = BUILT_PRODUCTS_DIR; };
		03111CF12A0EC53700DC3E8A /* QuizUITests.swift */ = {isa = PBXFileReference; lastKnownFileType = sourcecode.swift; path = QuizUITests.swift; sourceTree = "<group>"; };
		03111CF32A0EC53700DC3E8A /* QuizUITestsLaunchTests.swift */ = {isa = PBXFileReference; lastKnownFileType = sourcecode.swift; path = QuizUITestsLaunchTests.swift; sourceTree = "<group>"; };
/* End PBXFileReference section */

/* Begin PBXFrameworksBuildPhase section */
		03111CCA2A0EC53700DC3E8A /* Frameworks */ = {
			isa = PBXFrameworksBuildPhase;
			buildActionMask = 2147483647;
			files = (
			);
			runOnlyForDeploymentPostprocessing = 0;
		};
		03111CE02A0EC53700DC3E8A /* Frameworks */ = {
			isa = PBXFrameworksBuildPhase;
			buildActionMask = 2147483647;
			files = (
			);
			runOnlyForDeploymentPostprocessing = 0;
		};
		03111CEA2A0EC53700DC3E8A /* Frameworks */ = {
			isa = PBXFrameworksBuildPhase;
			buildActionMask = 2147483647;
			files = (
			);
			runOnlyForDeploymentPostprocessing = 0;
		};
/* End PBXFrameworksBuildPhase section */

/* Begin PBXGroup section */
		03111CC42A0EC53600DC3E8A = {
			isa = PBXGroup;
			children = (
				03111CCF2A0EC53700DC3E8A /* Quiz */,
				03111CE62A0EC53700DC3E8A /* QuizTests */,
				03111CF02A0EC53700DC3E8A /* QuizUITests */,
				03111CCE2A0EC53700DC3E8A /* Products */,
			);
			sourceTree = "<group>";
		};
		03111CCE2A0EC53700DC3E8A /* Products */ = {
			isa = PBXGroup;
			children = (
				03111CCD2A0EC53700DC3E8A /* Quiz.app */,
				03111CE32A0EC53700DC3E8A /* QuizTests.xctest */,
				03111CED2A0EC53700DC3E8A /* QuizUITests.xctest */,
			);
			name = Products;
			sourceTree = "<group>";
		};
		03111CCF2A0EC53700DC3E8A /* Quiz */ = {
			isa = PBXGroup;
			children = (
				03111CD02A0EC53700DC3E8A /* AppDelegate.swift */,
				03111CD22A0EC53700DC3E8A /* SceneDelegate.swift */,
				03111CD42A0EC53700DC3E8A /* ViewController.swift */,
				03111CD62A0EC53700DC3E8A /* Main.storyboard */,
				03111CD92A0EC53700DC3E8A /* Assets.xcassets */,
				03111CDB2A0EC53700DC3E8A /* LaunchScreen.storyboard */,
				03111CDE2A0EC53700DC3E8A /* Info.plist */,
			);
			path = Quiz;
			sourceTree = "<group>";
		};
		03111CE62A0EC53700DC3E8A /* QuizTests */ = {
			isa = PBXGroup;
			children = (
				03111CE72A0EC53700DC3E8A /* QuizTests.swift */,
			);
			path = QuizTests;
			sourceTree = "<group>";
		};
		03111CF02A0EC53700DC3E8A /* QuizUITests */ = {
			isa = PBXGroup;
			children = (
				03111CF12A0EC53700DC3E8A /* QuizUITests.swift */,
				03111CF32A0EC53700DC3E8A /* QuizUITestsLaunchTests.swift */,
			);
			path = QuizUITests;
			sourceTree = "<group>";
		};
/* End PBXGroup section */

/* Begin PBXNativeTarget section */
		03111CCC2A0EC53700DC3E8A /* Quiz */ = {
			isa = PBXNativeTarget;
			buildConfigurationList = 03111CF72A0EC53700DC3E8A /* Build configuration list for PBXNativeTarget "Quiz" */;
			buildPhases = (
				03111CC92A0EC53700DC3E8A /* Sources */,
				03111CCA2A0EC53700DC3E8A /* Frameworks */,
				03111CCB2A0EC53700DC3E8A /* Resources */,
			);
			buildRules = (
			);
			dependencies = (
			);
			name = Quiz;
			productName = Quiz;
			productReference = 03111CCD2A0EC53700DC3E8A /* Quiz.app */;
			productType = "com.apple.product-type.application";
		};
		03111CE22A0EC53700DC3E8A /* QuizTests */ = {
			isa = PBXNativeTarget;
			buildConfigurationList = 03111CFA2A0EC53700DC3E8A /* Build configuration list for PBXNativeTarget "QuizTests" */;
			buildPhases = (
				03111CDF2A0EC53700DC3E8A /* Sources */,
				03111CE02A0EC53700DC3E8A /* Frameworks */,
				03111CE12A0EC53700DC3E8A /* Resources */,
			);
			buildRules = (
			);
			dependencies = (
				03111CE52A0EC53700DC3E8A /* PBXTargetDependency */,
			);
			name = QuizTests;
			productName = QuizTests;
			productReference = 03111CE32A0EC53700DC3E8A /* QuizTests.xctest */;
			productType = "com.apple.product-type.bundle.unit-test";
		};
		03111CEC2A0EC53700DC3E8A /* QuizUITests */ = {
			isa = PBXNativeTarget;
			buildConfigurationList = 03111CFD2A0EC53700DC3E8A /* Build configuration list for PBXNativeTarget "QuizUITests" */;
			buildPhases = (
				03111CE92A0EC53700DC3E8A /* Sources */,
				03111CEA2A0EC53700DC3E8A /* Frameworks */,
				03111CEB2A0EC53700DC3E8A /* Resources */,
			);
			buildRules = (
			);
			dependencies = (
				03111CEF2A0EC53700DC3E8A /* PBXTargetDependency */,
			);
			name = QuizUITests;
			productName = QuizUITests;
			productReference = 03111CED2A0EC53700DC3E8A /* QuizUITests.xctest */;
			productType = "com.apple.product-type.bundle.ui-testing";
		};
/* End PBXNativeTarget section */

/* Begin PBXProject section */
		03111CC52A0EC53600DC3E8A /* Project object */ = {
			isa = PBXProject;
			attributes = {
				BuildIndependentTargetsInParallel = 1;
				LastSwiftUpdateCheck = 1430;
				LastUpgradeCheck = 1430;
				TargetAttributes = {
					03111CCC2A0EC53700DC3E8A = {
						CreatedOnToolsVersion = 14.3;
					};
					03111CE22A0EC53700DC3E8A = {
						CreatedOnToolsVersion = 14.3;
						TestTargetID = 03111CCC2A0EC53700DC3E8A;
					};
					03111CEC2A0EC53700DC3E8A = {
						CreatedOnToolsVersion = 14.3;
						TestTargetID = 03111CCC2A0EC53700DC3E8A;
					};
				};
			};
			buildConfigurationList = 03111CC82A0EC53600DC3E8A /* Build configuration list for PBXProject "Quiz" */;
			compatibilityVersion = "Xcode 14.0";
			developmentRegion = en;
			hasScannedForEncodings = 0;
			knownRegions = (
				en,
				Base,
			);
			mainGroup = 03111CC42A0EC53600DC3E8A;
			productRefGroup = 03111CCE2A0EC53700DC3E8A /* Products */;
			projectDirPath = "";
			projectRoot = "";
			targets = (
				03111CCC2A0EC53700DC3E8A /* Quiz */,
				03111CE22A0EC53700DC3E8A /* QuizTests */,
				03111CEC2A0EC53700DC3E8A /* QuizUITests */,
			);
		};
/* End PBXProject section */

/* Begin PBXResourcesBuildPhase section */
		03111CCB2A0EC53700DC3E8A /* Resources */ = {
			isa = PBXResourcesBuildPhase;
			buildActionMask = 2147483647;
			files = (
				03111CDD2A0EC53700DC3E8A /* LaunchScreen.storyboard in Resources */,
				03111CDA2A0EC53700DC3E8A /* Assets.xcassets in Resources */,
				03111CD82A0EC53700DC3E8A /* Main.storyboard in Resources */,
			);
			runOnlyForDeploymentPostprocessing = 0;
		};
		03111CE12A0EC53700DC3E8A /* Resources */ = {
			isa = PBXResourcesBuildPhase;
			buildActionMask = 2147483647;
			files = (
			);
			runOnlyForDeploymentPostprocessing = 0;
		};
		03111CEB2A0EC53700DC3E8A /* Resources */ = {
			isa = PBXResourcesBuildPhase;
			buildActionMask = 2147483647;
			files = (
			);
			runOnlyForDeploymentPostprocessing = 0;
		};
/* End PBXResourcesBuildPhase section */

/* Begin PBXSourcesBuildPhase section */
		03111CC92A0EC53700DC3E8A /* Sources */ = {
			isa = PBXSourcesBuildPhase;
			buildActionMask = 2147483647;
			files = (
				03111CD52A0EC53700DC3E8A /* ViewController.swift in Sources */,
				03111CD12A0EC53700DC3E8A /* AppDelegate.swift in Sources */,
				03111CD32A0EC53700DC3E8A /* SceneDelegate.swift in Sources */,
			);
			runOnlyForDeploymentPostprocessing = 0;
		};
		03111CDF2A0EC53700DC3E8A /* Sources */ = {
			isa = PBXSourcesBuildPhase;
			buildActionMask = 2147483647;
			files = (
				03111CE82A0EC53700DC3E8A /* QuizTests.swift in Sources */,
			);
			runOnlyForDeploymentPostprocessing = 0;
		};
		03111CE92A0EC53700DC3E8A /* Sources */ = {
			isa = PBXSourcesBuildPhase;
			buildActionMask = 2147483647;
			files = (
				03111CF22A0EC53700DC3E8A /* QuizUITests.swift in Sources */,
				03111CF42A0EC53700DC3E8A /* QuizUITestsLaunchTests.swift in Sources */,
			);
			runOnlyForDeploymentPostprocessing = 0;
		};
/* End PBXSourcesBuildPhase section */

/* Begin PBXTargetDependency section */
		03111CE52A0EC53700DC3E8A /* PBXTargetDependency */ = {
			isa = PBXTargetDependency;
			target = 03111CCC2A0EC53700DC3E8A /* Quiz */;
			targetProxy = 03111CE42A0EC53700DC3E8A /* PBXContainerItemProxy */;
		};
		03111CEF2A0EC53700DC3E8A /* PBXTargetDependency */ = {
			isa = PBXTargetDependency;
			target = 03111CCC2A0EC53700DC3E8A /* Quiz */;
			targetProxy = 03111CEE2A0EC53700DC3E8A /* PBXContainerItemProxy */;
		};
/* End PBXTargetDependency section */

/* Begin PBXVariantGroup section */
		03111CD62A0EC53700DC3E8A /* Main.storyboard */ = {
			isa = PBXVariantGroup;
			children = (
				03111CD72A0EC53700DC3E8A /* Base */,
			);
			name = Main.storyboard;
			sourceTree = "<group>";
		};
		03111CDB2A0EC53700DC3E8A /* LaunchScreen.storyboard */ = {
			isa = PBXVariantGroup;
			children = (
				03111CDC2A0EC53700DC3E8A /* Base */,
			);
			name = LaunchScreen.storyboard;
			sourceTree = "<group>";
		};
/* End PBXVariantGroup section */

/* Begin XCBuildConfiguration section */
		03111CF52A0EC53700DC3E8A /* Debug */ = {
			isa = XCBuildConfiguration;
			buildSettings = {
				ALWAYS_SEARCH_USER_PATHS = NO;
				CLANG_ANALYZER_NONNULL = YES;
				CLANG_ANALYZER_NUMBER_OBJECT_CONVERSION = YES_AGGRESSIVE;
				CLANG_CXX_LANGUAGE_STANDARD = "gnu++20";
				CLANG_ENABLE_MODULES = YES;
				CLANG_ENABLE_OBJC_ARC = YES;
				CLANG_ENABLE_OBJC_WEAK = YES;
				CLANG_WARN_BLOCK_CAPTURE_AUTORELEASING = YES;
				CLANG_WARN_BOOL_CONVERSION = YES;
				CLANG_WARN_COMMA = YES;
				CLANG_WARN_CONSTANT_CONVERSION = YES;
				CLANG_WARN_DEPRECATED_OBJC_IMPLEMENTATIONS = YES;
				CLANG_WARN_DIRECT_OBJC_ISA_USAGE = YES_ERROR;
				CLANG_WARN_DOCUMENTATION_COMMENTS = YES;
				CLANG_WARN_EMPTY_BODY = YES;
				CLANG_WARN_ENUM_CONVERSION = YES;
				CLANG_WARN_INFINITE_RECURSION = YES;
				CLANG_WARN_INT_CONVERSION = YES;
				CLANG_WARN_NON_LITERAL_NULL_CONVERSION = YES;
				CLANG_WARN_OBJC_IMPLICIT_RETAIN_SELF = YES;
				CLANG_WARN_OBJC_LITERAL_CONVERSION = YES;
				CLANG_WARN_OBJC_ROOT_CLASS = YES_ERROR;
				CLANG_WARN_QUOTED_INCLUDE_IN_FRAMEWORK_HEADER = YES;
				CLANG_WARN_RANGE_LOOP_ANALYSIS = YES;
				CLANG_WARN_STRICT_PROTOTYPES = YES;
				CLANG_WARN_SUSPICIOUS_MOVE = YES;
				CLANG_WARN_UNGUARDED_AVAILABILITY = YES_AGGRESSIVE;
				CLANG_WARN_UNREACHABLE_CODE = YES;
				CLANG_WARN__DUPLICATE_METHOD_MATCH = YES;
				COPY_PHASE_STRIP = NO;
				DEBUG_INFORMATION_FORMAT = dwarf;
				ENABLE_STRICT_OBJC_MSGSEND = YES;
				ENABLE_TESTABILITY = YES;
				GCC_C_LANGUAGE_STANDARD = gnu11;
				GCC_DYNAMIC_NO_PIC = NO;
				GCC_NO_COMMON_BLOCKS = YES;
				GCC_OPTIMIZATION_LEVEL = 0;
				GCC_PREPROCESSOR_DEFINITIONS = (
					"DEBUG=1",
					"$(inherited)",
				);
				GCC_WARN_64_TO_32_BIT_CONVERSION = YES;
				GCC_WARN_ABOUT_RETURN_TYPE = YES_ERROR;
				GCC_WARN_UNDECLARED_SELECTOR = YES;
				GCC_WARN_UNINITIALIZED_AUTOS = YES_AGGRESSIVE;
				GCC_WARN_UNUSED_FUNCTION = YES;
				GCC_WARN_UNUSED_VARIABLE = YES;
				IPHONEOS_DEPLOYMENT_TARGET = 16.4;
				MTL_ENABLE_DEBUG_INFO = INCLUDE_SOURCE;
				MTL_FAST_MATH = YES;
				ONLY_ACTIVE_ARCH = YES;
				SDKROOT = iphoneos;
				SWIFT_ACTIVE_COMPILATION_CONDITIONS = DEBUG;
				SWIFT_OPTIMIZATION_LEVEL = "-Onone";
			};
			name = Debug;
		};
		03111CF62A0EC53700DC3E8A /* Release */ = {
			isa = XCBuildConfiguration;
			buildSettings = {
				ALWAYS_SEARCH_USER_PATHS = NO;
				CLANG_ANALYZER_NONNULL = YES;
				CLANG_ANALYZER_NUMBER_OBJECT_CONVERSION = YES_AGGRESSIVE;
				CLANG_CXX_LANGUAGE_STANDARD = "gnu++20";
				CLANG_ENABLE_MODULES = YES;
				CLANG_ENABLE_OBJC_ARC = YES;
				CLANG_ENABLE_OBJC_WEAK = YES;
				CLANG_WARN_BLOCK_CAPTURE_AUTORELEASING = YES;
				CLANG_WARN_BOOL_CONVERSION = YES;
				CLANG_WARN_COMMA = YES;
				CLANG_WARN_CONSTANT_CONVERSION = YES;
				CLANG_WARN_DEPRECATED_OBJC_IMPLEMENTATIONS = YES;
				CLANG_WARN_DIRECT_OBJC_ISA_USAGE = YES_ERROR;
				CLANG_WARN_DOCUMENTATION_COMMENTS = YES;
				CLANG_WARN_EMPTY_BODY = YES;
				CLANG_WARN_ENUM_CONVERSION = YES;
				CLANG_WARN_INFINITE_RECURSION = YES;
				CLANG_WARN_INT_CONVERSION = YES;
				CLANG_WARN_NON_LITERAL_NULL_CONVERSION = YES;
				CLANG_WARN_OBJC_IMPLICIT_RETAIN_SELF = YES;
				CLANG_WARN_OBJC_LITERAL_CONVERSION = YES;
				CLANG_WARN_OBJC_ROOT_CLASS = YES_ERROR;
				CLANG_WARN_QUOTED_INCLUDE_IN_FRAMEWORK_HEADER = YES;
				CLANG_WARN_RANGE_LOOP_ANALYSIS = YES;
				CLANG_WARN_STRICT_PROTOTYPES = YES;
				CLANG_WARN_SUSPICIOUS_MOVE = YES;
				CLANG_WARN_UNGUARDED_AVAILABILITY = YES_AGGRESSIVE;
				CLANG_WARN_UNREACHABLE_CODE = YES;
				CLANG_WARN__DUPLICATE_METHOD_MATCH = YES;
				COPY_PHASE_STRIP = NO;
				DEBUG_INFORMATION_FORMAT = "dwarf-with-dsym";
				ENABLE_NS_ASSERTIONS = NO;
				ENABLE_STRICT_OBJC_MSGSEND = YES;
				GCC_C_LANGUAGE_STANDARD = gnu11;
				GCC_NO_COMMON_BLOCKS = YES;
				GCC_WARN_64_TO_32_BIT_CONVERSION = YES;
				GCC_WARN_ABOUT_RETURN_TYPE = YES_ERROR;
				GCC_WARN_UNDECLARED_SELECTOR = YES;
				GCC_WARN_UNINITIALIZED_AUTOS = YES_AGGRESSIVE;
				GCC_WARN_UNUSED_FUNCTION = YES;
				GCC_WARN_UNUSED_VARIABLE = YES;
				IPHONEOS_DEPLOYMENT_TARGET = 16.4;
				MTL_ENABLE_DEBUG_INFO = NO;
				MTL_FAST_MATH = YES;
				SDKROOT = iphoneos;
				SWIFT_COMPILATION_MODE = wholemodule;
				SWIFT_OPTIMIZATION_LEVEL = "-O";
				VALIDATE_PRODUCT = YES;
			};
			name = Release;
		};
		03111CF82A0EC53700DC3E8A /* Debug */ = {
			isa = XCBuildConfiguration;
			buildSettings = {
				ASSETCATALOG_COMPILER_APPICON_NAME = AppIcon;
				ASSETCATALOG_COMPILER_GLOBAL_ACCENT_COLOR_NAME = AccentColor;
				CODE_SIGN_STYLE = Automatic;
				CURRENT_PROJECT_VERSION = 1;
				DEVELOPMENT_TEAM = 6283CFQE2Y;
				GENERATE_INFOPLIST_FILE = YES;
				INFOPLIST_FILE = Quiz/Info.plist;
				INFOPLIST_KEY_UIApplicationSupportsIndirectInputEvents = YES;
				INFOPLIST_KEY_UILaunchStoryboardName = Main.storyboard;
				INFOPLIST_KEY_UIMainStoryboardFile = Main;
				INFOPLIST_KEY_UISupportedInterfaceOrientations_iPad = "UIInterfaceOrientationPortrait UIInterfaceOrientationPortraitUpsideDown UIInterfaceOrientationLandscapeLeft UIInterfaceOrientationLandscapeRight";
				INFOPLIST_KEY_UISupportedInterfaceOrientations_iPhone = "UIInterfaceOrientationPortrait UIInterfaceOrientationLandscapeLeft UIInterfaceOrientationLandscapeRight";
				LD_RUNPATH_SEARCH_PATHS = (
					"$(inherited)",
					"@executable_path/Frameworks",
				);
				MARKETING_VERSION = 1.0;
				PRODUCT_BUNDLE_IDENTIFIER = "com.codingitwrong.bnr-guide.Quiz";
				PRODUCT_NAME = "$(TARGET_NAME)";
				SWIFT_EMIT_LOC_STRINGS = YES;
				SWIFT_VERSION = 5.0;
				TARGETED_DEVICE_FAMILY = "1,2";
			};
			name = Debug;
		};
		03111CF92A0EC53700DC3E8A /* Release */ = {
			isa = XCBuildConfiguration;
			buildSettings = {
				ASSETCATALOG_COMPILER_APPICON_NAME = AppIcon;
				ASSETCATALOG_COMPILER_GLOBAL_ACCENT_COLOR_NAME = AccentColor;
				CODE_SIGN_STYLE = Automatic;
				CURRENT_PROJECT_VERSION = 1;
				DEVELOPMENT_TEAM = 6283CFQE2Y;
				GENERATE_INFOPLIST_FILE = YES;
				INFOPLIST_FILE = Quiz/Info.plist;
				INFOPLIST_KEY_UIApplicationSupportsIndirectInputEvents = YES;
				INFOPLIST_KEY_UILaunchStoryboardName = Main.storyboard;
				INFOPLIST_KEY_UIMainStoryboardFile = Main;
				INFOPLIST_KEY_UISupportedInterfaceOrientations_iPad = "UIInterfaceOrientationPortrait UIInterfaceOrientationPortraitUpsideDown UIInterfaceOrientationLandscapeLeft UIInterfaceOrientationLandscapeRight";
				INFOPLIST_KEY_UISupportedInterfaceOrientations_iPhone = "UIInterfaceOrientationPortrait UIInterfaceOrientationLandscapeLeft UIInterfaceOrientationLandscapeRight";
				LD_RUNPATH_SEARCH_PATHS = (
					"$(inherited)",
					"@executable_path/Frameworks",
				);
				MARKETING_VERSION = 1.0;
				PRODUCT_BUNDLE_IDENTIFIER = "com.codingitwrong.bnr-guide.Quiz";
				PRODUCT_NAME = "$(TARGET_NAME)";
				SWIFT_EMIT_LOC_STRINGS = YES;
				SWIFT_VERSION = 5.0;
				TARGETED_DEVICE_FAMILY = "1,2";
			};
			name = Release;
		};
		03111CFB2A0EC53700DC3E8A /* Debug */ = {
			isa = XCBuildConfiguration;
			buildSettings = {
				ALWAYS_EMBED_SWIFT_STANDARD_LIBRARIES = YES;
				BUNDLE_LOADER = "$(TEST_HOST)";
				CODE_SIGN_STYLE = Automatic;
				CURRENT_PROJECT_VERSION = 1;
				DEVELOPMENT_TEAM = 6283CFQE2Y;
				GENERATE_INFOPLIST_FILE = YES;
				IPHONEOS_DEPLOYMENT_TARGET = 16.4;
				MARKETING_VERSION = 1.0;
				PRODUCT_BUNDLE_IDENTIFIER = "com.codingitwrong.bnr-guide.QuizTests";
				PRODUCT_NAME = "$(TARGET_NAME)";
				SWIFT_EMIT_LOC_STRINGS = NO;
				SWIFT_VERSION = 5.0;
				TARGETED_DEVICE_FAMILY = "1,2";
				TEST_HOST = "$(BUILT_PRODUCTS_DIR)/Quiz.app/$(BUNDLE_EXECUTABLE_FOLDER_PATH)/Quiz";
			};
			name = Debug;
		};
		03111CFC2A0EC53700DC3E8A /* Release */ = {
			isa = XCBuildConfiguration;
			buildSettings = {
				ALWAYS_EMBED_SWIFT_STANDARD_LIBRARIES = YES;
				BUNDLE_LOADER = "$(TEST_HOST)";
				CODE_SIGN_STYLE = Automatic;
				CURRENT_PROJECT_VERSION = 1;
				DEVELOPMENT_TEAM = 6283CFQE2Y;
				GENERATE_INFOPLIST_FILE = YES;
				IPHONEOS_DEPLOYMENT_TARGET = 16.4;
				MARKETING_VERSION = 1.0;
				PRODUCT_BUNDLE_IDENTIFIER = "com.codingitwrong.bnr-guide.QuizTests";
				PRODUCT_NAME = "$(TARGET_NAME)";
				SWIFT_EMIT_LOC_STRINGS = NO;
				SWIFT_VERSION = 5.0;
				TARGETED_DEVICE_FAMILY = "1,2";
				TEST_HOST = "$(BUILT_PRODUCTS_DIR)/Quiz.app/$(BUNDLE_EXECUTABLE_FOLDER_PATH)/Quiz";
			};
			name = Release;
		};
		03111CFE2A0EC53700DC3E8A /* Debug */ = {
			isa = XCBuildConfiguration;
			buildSettings = {
				ALWAYS_EMBED_SWIFT_STANDARD_LIBRARIES = YES;
				CODE_SIGN_STYLE = Automatic;
				CURRENT_PROJECT_VERSION = 1;
				DEVELOPMENT_TEAM = 6283CFQE2Y;
				GENERATE_INFOPLIST_FILE = YES;
				MARKETING_VERSION = 1.0;
				PRODUCT_BUNDLE_IDENTIFIER = "com.codingitwrong.bnr-guide.QuizUITests";
				PRODUCT_NAME = "$(TARGET_NAME)";
				SWIFT_EMIT_LOC_STRINGS = NO;
				SWIFT_VERSION = 5.0;
				TARGETED_DEVICE_FAMILY = "1,2";
				TEST_TARGET_NAME = Quiz;
			};
			name = Debug;
		};
		03111CFF2A0EC53700DC3E8A /* Release */ = {
			isa = XCBuildConfiguration;
			buildSettings = {
				ALWAYS_EMBED_SWIFT_STANDARD_LIBRARIES = YES;
				CODE_SIGN_STYLE = Automatic;
				CURRENT_PROJECT_VERSION = 1;
				DEVELOPMENT_TEAM = 6283CFQE2Y;
				GENERATE_INFOPLIST_FILE = YES;
				MARKETING_VERSION = 1.0;
				PRODUCT_BUNDLE_IDENTIFIER = "com.codingitwrong.bnr-guide.QuizUITests";
				PRODUCT_NAME = "$(TARGET_NAME)";
				SWIFT_EMIT_LOC_STRINGS = NO;
				SWIFT_VERSION = 5.0;
				TARGETED_DEVICE_FAMILY = "1,2";
				TEST_TARGET_NAME = Quiz;
			};
			name = Release;
		};
/* End XCBuildConfiguration section */

/* Begin XCConfigurationList section */
		03111CC82A0EC53600DC3E8A /* Build configuration list for PBXProject "Quiz" */ = {
			isa = XCConfigurationList;
			buildConfigurations = (
				03111CF52A0EC53700DC3E8A /* Debug */,
				03111CF62A0EC53700DC3E8A /* Release */,
			);
			defaultConfigurationIsVisible = 0;
			defaultConfigurationName = Release;
		};
		03111CF72A0EC53700DC3E8A /* Build configuration list for PBXNativeTarget "Quiz" */ = {
			isa = XCConfigurationList;
			buildConfigurations = (
				03111CF82A0EC53700DC3E8A /* Debug */,
				03111CF92A0EC53700DC3E8A /* Release */,
			);
			defaultConfigurationIsVisible = 0;
			defaultConfigurationName = Release;
		};
		03111CFA2A0EC53700DC3E8A /* Build configuration list for PBXNativeTarget "QuizTests" */ = {
			isa = XCConfigurationList;
			buildConfigurations = (
				03111CFB2A0EC53700DC3E8A /* Debug */,
				03111CFC2A0EC53700DC3E8A /* Release */,
			);
			defaultConfigurationIsVisible = 0;
			defaultConfigurationName = Release;
		};
		03111CFD2A0EC53700DC3E8A /* Build configuration list for PBXNativeTarget "QuizUITests" */ = {
			isa = XCConfigurationList;
			buildConfigurations = (
				03111CFE2A0EC53700DC3E8A /* Debug */,
				03111CFF2A0EC53700DC3E8A /* Release */,
			);
			defaultConfigurationIsVisible = 0;
			defaultConfigurationName = Release;
		};
/* End XCConfigurationList section */
	};
	rootObject = 03111CC52A0EC53600DC3E8A /* Project object */;
}
